%{
  "bandit": {:hex, :bandit, "1.7.0", "d1564f30553c97d3e25f9623144bb8df11f3787a26733f00b21699a128105c0c", [:mix], [{:hpax, "~> 1.0", [hex: :hpax, repo: "hexpm", optional: false]}, {:plug, "~> 1.18", [hex: :plug, repo: "hexpm", optional: false]}, {:telemetry, "~> 0.4 or ~> 1.0", [hex: :telemetry, repo: "hexpm", optional: false]}, {:thousand_island, "~> 1.0", [hex: :thousand_island, repo: "hexpm", optional: false]}, {:websock, "~> 0.5", [hex: :websock, repo: "hexpm", optional: false]}], "hexpm", "3e2f7a98c7a11f48d9d8c037f7177cd39778e74d55c7af06fe6227c742a8168a"},
  "broadway": {:hex, :broadway, "1.2.1", "83a1567423c26885e15f6cd8670ca790370af2fcff2ede7fa88c5ea793087a67", [:mix], [{:gen_stage, "~> 1.0", [hex: :gen_stage, repo: "hexpm", optional: false]}, {:nimble_options, "~> 0.3.7 or ~> 0.4 or ~> 1.0", [hex: :nimble_options, repo: "hexpm", optional: false]}, {:telemetry, "~> 0.4.3 or ~> 1.0", [hex: :telemetry, repo: "hexpm", optional: false]}], "hexpm", "68ae63d83b55bdca0f95cd49feee5fb74c5a6bec557caf940860fe07dbc8a4fb"},
  "broadway_kinesis": {:git, "https://github.com/mbta/broadway_kinesis.git", "4f9508d53b8ef42aa7cbf033c7b403a2da2803f6", []},
  "bunt": {:hex, :bunt, "1.0.0", "081c2c665f086849e6d57900292b3a161727ab40431219529f13c4ddcf3e7a44", [:mix], [], "hexpm", "dc5f86aa08a5f6fa6b8096f0735c4e76d54ae5c9fa2c143e5a1fc7c1cd9bb6b5"},
  "castore": {:hex, :castore, "1.0.14", "4582dd7d630b48cf5e1ca8d3d42494db51e406b7ba704e81fbd401866366896a", [], [], "hexpm", "7bc1b65249d31701393edaaac18ec8398d8974d52c647b7904d01b964137b9f4"},
  "certifi": {:hex, :certifi, "2.15.0", "0e6e882fcdaaa0a5a9f2b3db55b1394dba07e8d6d9bcad08318fb604c6839712", [:rebar3], [], "hexpm", "b147ed22ce71d72eafdad94f055165c1c182f61a2ff49df28bcc71d1d5b94a60"},
  "combine": {:hex, :combine, "0.10.0", "eff8224eeb56498a2af13011d142c5e7997a80c8f5b97c499f84c841032e429f", [:mix], [], "hexpm", "1b1dbc1790073076580d0d1d64e42eae2366583e7aecd455d1215b0d16f2451b"},
  "configparser_ex": {:hex, :configparser_ex, "4.0.0", "17e2b831cfa33a08c56effc610339b2986f0d82a9caa0ed18880a07658292ab6", [:mix], [], "hexpm", "02e6d1a559361a063cba7b75bc3eb2d6ad7e62730c551cc4703541fd11e65e5b"},
  "credo": {:hex, :credo, "1.7.12", "9e3c20463de4b5f3f23721527fcaf16722ec815e70ff6c60b86412c695d426c1", [:mix], [{:bunt, "~> 0.2.1 or ~> 1.0", [hex: :bunt, repo: "hexpm", optional: false]}, {:file_system, "~> 0.2 or ~> 1.0", [hex: :file_system, repo: "hexpm", optional: false]}, {:jason, "~> 1.0", [hex: :jason, repo: "hexpm", optional: false]}], "hexpm", "8493d45c656c5427d9c729235b99d498bd133421f3e0a683e5c1b561471291e5"},
  "csv": {:hex, :csv, "3.2.2", "452f96414b39a176b7c390af6d8b78f15130dc6167fe3b836729131f515d843e", [:mix], [], "hexpm", "cbf256ff74a3fa01d9ec420d07b19c90d410ed9fe5b6d6e1bc7662edf35bc574"},
  "db_connection": {:hex, :db_connection, "2.8.0", "64fd82cfa6d8e25ec6660cea73e92a4cbc6a18b31343910427b702838c4b33b2", [:mix], [{:telemetry, "~> 0.4 or ~> 1.0", [hex: :telemetry, repo: "hexpm", optional: false]}], "hexpm", "008399dae5eee1bf5caa6e86d204dcb44242c82b1ed5e22c881f2c34da201b15"},
  "decimal": {:hex, :decimal, "2.3.0", "3ad6255aa77b4a3c4f818171b12d237500e63525c2fd056699967a3e7ea20f62", [:mix], [], "hexpm", "a4d66355cb29cb47c3cf30e71329e58361cfcb37c34235ef3bf1d7bf3773aeac"},
  "dialyxir": {:hex, :dialyxir, "1.4.5", "ca1571ac18e0f88d4ab245f0b60fa31ff1b12cbae2b11bd25d207f865e8ae78a", [:mix], [{:erlex, ">= 0.2.7", [hex: :erlex, repo: "hexpm", optional: false]}], "hexpm", "b0fb08bb8107c750db5c0b324fa2df5ceaa0f9307690ee3c1f6ba5b9eb5d35c3"},
  "diskusage_logger": {:hex, :diskusage_logger, "0.2.0", "04fc48b538fe4de43153542a71ea94f623d54707d85844123baacfceedf625c3", [:mix], [], "hexpm", "e3f2aed1b0fc4590931c089a6453a4c4eb4c945912aa97bcabcc0cff7851f34d"},
  "ecto": {:hex, :ecto, "3.13.2", "7d0c0863f3fc8d71d17fc3ad3b9424beae13f02712ad84191a826c7169484f01", [:mix], [{:decimal, "~> 2.0", [hex: :decimal, repo: "hexpm", optional: false]}, {:jason, "~> 1.0", [hex: :jason, repo: "hexpm", optional: true]}, {:telemetry, "~> 0.4 or ~> 1.0", [hex: :telemetry, repo: "hexpm", optional: false]}], "hexpm", "669d9291370513ff56e7b7e7081b7af3283d02e046cf3d403053c557894a0b3e"},
  "ecto_sql": {:hex, :ecto_sql, "3.13.2", "a07d2461d84107b3d037097c822ffdd36ed69d1cf7c0f70e12a3d1decf04e2e1", [:mix], [{:db_connection, "~> 2.4.1 or ~> 2.5", [hex: :db_connection, repo: "hexpm", optional: false]}, {:ecto, "~> 3.13.0", [hex: :ecto, repo: "hexpm", optional: false]}, {:myxql, "~> 0.7", [hex: :myxql, repo: "hexpm", optional: true]}, {:postgrex, "~> 0.19 or ~> 1.0", [hex: :postgrex, repo: "hexpm", optional: true]}, {:tds, "~> 2.1.1 or ~> 2.2", [hex: :tds, repo: "hexpm", optional: true]}, {:telemetry, "~> 0.4.0 or ~> 1.0", [hex: :telemetry, repo: "hexpm", optional: false]}], "hexpm", "539274ab0ecf1a0078a6a72ef3465629e4d6018a3028095dc90f60a19c371717"},
  "ehmon": {:git, "https://github.com/mbta/ehmon.git", "1fb603262bd02d74a16183bd8f344dcace9d7561", []},
  "erlex": {:hex, :erlex, "0.2.7", "810e8725f96ab74d17aac676e748627a07bc87eb950d2b83acd29dc047a30595", [:mix], [], "hexpm", "3ed95f79d1a844c3f6bf0cea61e0d5612a42ce56da9c03f01df538685365efb0"},
  "event_stream": {:hex, :event_stream, "0.1.0", "98a4c9de36ef3895c2fe4c50b4b2aed9683cd2aa44e61e71d13fccba603d9b41", [:mix], [], "hexpm", "2cb91c69b22e259982d0f3b14a2a893c68fcaeaab70a2a90fd8265f81e80a15b"},
  "ex_aws": {:hex, :ex_aws, "2.5.9", "8e2455172f0e5cbe2f56dd68de514f0dae6bb26d6b6e2f435a06434cf9dbb412", [:mix], [{:configparser_ex, "~> 4.0", [hex: :configparser_ex, repo: "hexpm", optional: true]}, {:hackney, "~> 1.16", [hex: :hackney, repo: "hexpm", optional: true]}, {:jason, "~> 1.1", [hex: :jason, repo: "hexpm", optional: true]}, {:jsx, "~> 2.8 or ~> 3.0", [hex: :jsx, repo: "hexpm", optional: true]}, {:mime, "~> 1.2 or ~> 2.0", [hex: :mime, repo: "hexpm", optional: false]}, {:req, "~> 0.5.10 or ~> 0.6 or ~> 1.0", [hex: :req, repo: "hexpm", optional: true]}, {:sweet_xml, "~> 0.7", [hex: :sweet_xml, repo: "hexpm", optional: true]}, {:telemetry, "~> 0.4.3 or ~> 1.0", [hex: :telemetry, repo: "hexpm", optional: false]}], "hexpm", "cbdb6ffb0e6c6368de05ed8641fe1376298ba23354674428e5b153a541f23359"},
  "ex_aws_kinesis": {:hex, :ex_aws_kinesis, "2.0.1", "7f8746e89904ccc6da2c9575e8fe08584e189b2739d964968bba2b9ec1f57fd6", [:mix], [{:ex_aws, "~> 2.0", [hex: :ex_aws, repo: "hexpm", optional: false]}], "hexpm", "7ba0e4673ad62bf8e9752e747f180a6a999ca53e9bb433d728df6b8cdcc86f75"},
  "ex_aws_rds": {:hex, :ex_aws_rds, "2.0.2", "38dd8e83d57cf4b7286c4f6f5c978f700c40c207ffcdd6ca5d738e5eba933f9a", [:mix], [{:ex_aws, "~> 2.0", [hex: :ex_aws, repo: "hexpm", optional: false]}], "hexpm", "9e5b5cc168077874cbd0d29ba65d01caf1877e705fb5cecacf0667dd19bfa75c"},
  "ex_aws_s3": {:hex, :ex_aws_s3, "2.5.7", "e571424d2f345299753382f3a01b005c422b1a460a8bc3ed47659b3d3ef91e9e", [:mix], [{:ex_aws, "~> 2.0", [hex: :ex_aws, repo: "hexpm", optional: false]}, {:sweet_xml, ">= 0.0.0", [hex: :sweet_xml, repo: "hexpm", optional: true]}], "hexpm", "858e51241e50181e29aa2bc128fef548873a3a9cd580471f57eda5b64dec937f"},
  "ex_machina": {:hex, :ex_machina, "2.8.0", "a0e847b5712065055ec3255840e2c78ef9366634d62390839d4880483be38abe", [:mix], [{:ecto, "~> 2.2 or ~> 3.0", [hex: :ecto, repo: "hexpm", optional: true]}, {:ecto_sql, "~> 3.0", [hex: :ecto_sql, repo: "hexpm", optional: true]}], "hexpm", "79fe1a9c64c0c1c1fab6c4fa5d871682cb90de5885320c187d117004627a7729"},
  "expo": {:hex, :expo, "0.5.2", "beba786aab8e3c5431813d7a44b828e7b922bfa431d6bfbada0904535342efe2", [:mix], [], "hexpm", "8c9bfa06ca017c9cb4020fabe980bc7fdb1aaec059fd004c2ab3bff03b1c599c"},
  "fast_local_datetime": {:hex, :fast_local_datetime, "1.0.1", "1a7babf4a7bbcadd665c635e4b585ecfb24f07349ea5391e45458f239122c4bc", [:mix], [{:tzdata, "~> 1.0", [hex: :tzdata, repo: "hexpm", optional: false]}], "hexpm", "b3ea84154c5937e3894247edb60f57635f77e5f2ec2ba4742b7522081d7acf6d"},
  "file_system": {:hex, :file_system, "1.1.0", "08d232062284546c6c34426997dd7ef6ec9f8bbd090eb91780283c9016840e8f", [:mix], [], "hexpm", "bfcf81244f416871f2a2e15c1b515287faa5db9c6bcf290222206d120b3d43f6"},
  "floki": {:hex, :floki, "0.38.0", "62b642386fa3f2f90713f6e231da0fa3256e41ef1089f83b6ceac7a3fd3abf33", [:mix], [], "hexpm", "a5943ee91e93fb2d635b612caf5508e36d37548e84928463ef9dd986f0d1abd9"},
  "gen_stage": {:hex, :gen_stage, "1.2.1", "19d8b5e9a5996d813b8245338a28246307fd8b9c99d1237de199d21efc4c76a1", [:mix], [], "hexpm", "83e8be657fa05b992ffa6ac1e3af6d57aa50aace8f691fcf696ff02f8335b001"},
  "geocalc": {:hex, :geocalc, "0.8.5", "b9886679e44c323e5b72dcd90a64f834d775d2600af0b656ea9f07ccdacaa5a6", [:mix], [{:decimal, "~> 2.0", [hex: :decimal, repo: "hexpm", optional: false]}], "hexpm", "3870c25c78513ec0456b69324c2be1af2202961002e81fb659559e3db162c802"},
  "gettext": {:hex, :gettext, "0.24.0", "6f4d90ac5f3111673cbefc4ebee96fe5f37a114861ab8c7b7d5b30a1108ce6d8", [:mix], [{:expo, "~> 0.5.1", [hex: :expo, repo: "hexpm", optional: false]}], "hexpm", "bdf75cdfcbe9e4622dd18e034b227d77dd17f0f133853a1c73b97b3d6c770e8b"},
  "guardian": {:hex, :guardian, "2.3.2", "78003504b987f2b189d76ccf9496ceaa6a454bb2763627702233f31eb7212881", [:mix], [{:jose, "~> 1.8", [hex: :jose, repo: "hexpm", optional: false]}, {:plug, "~> 1.3.3 or ~> 1.4", [hex: :plug, repo: "hexpm", optional: true]}], "hexpm", "b189ff38cd46a22a8a824866a6867ca8722942347f13c33f7d23126af8821b52"},
  "guardian_phoenix": {:hex, :guardian_phoenix, "2.0.1", "89a817265af09a6ddf7cb1e77f17ffca90cea2db10ff888375ef34502b2731b1", [:mix], [{:guardian, "~> 2.0", [hex: :guardian, repo: "hexpm", optional: false]}, {:phoenix, "~> 1.3", [hex: :phoenix, repo: "hexpm", optional: false]}], "hexpm", "21f439246715192b231f228680465d1ed5fbdf01555a4a3b17165532f5f9a08c"},
  "hackney": {:hex, :hackney, "1.24.1", "f5205a125bba6ed4587f9db3cc7c729d11316fa8f215d3e57ed1c067a9703fa9", [:rebar3], [{:certifi, "~> 2.15.0", [hex: :certifi, repo: "hexpm", optional: false]}, {:idna, "~> 6.1.0", [hex: :idna, repo: "hexpm", optional: false]}, {:metrics, "~> 1.0.0", [hex: :metrics, repo: "hexpm", optional: false]}, {:mimerl, "~> 1.4", [hex: :mimerl, repo: "hexpm", optional: false]}, {:parse_trans, "3.4.1", [hex: :parse_trans, repo: "hexpm", optional: false]}, {:ssl_verify_fun, "~> 1.1.0", [hex: :ssl_verify_fun, repo: "hexpm", optional: false]}, {:unicode_util_compat, "~> 0.7.0", [hex: :unicode_util_compat, repo: "hexpm", optional: false]}], "hexpm", "f4a7392a0b53d8bbc3eb855bdcc919cd677358e65b2afd3840b5b3690c4c8a39"},
  "heroicons": {:git, "https://github.com/tailwindlabs/heroicons.git", "0435d4ca364a608cc75e2f8683d374e55abbae26", [tag: "v2.2.0", sparse: "optimized", depth: 1]},
  "hpax": {:hex, :hpax, "1.0.3", "ed67ef51ad4df91e75cc6a1494f851850c0bd98ebc0be6e81b026e765ee535aa", [:mix], [], "hexpm", "8eab6e1cfa8d5918c2ce4ba43588e894af35dbd8e91e6e55c817bca5847df34a"},
  "httpoison": {:hex, :httpoison, "2.2.3", "a599d4b34004cc60678999445da53b5e653630651d4da3d14675fedc9dd34bd6", [:mix], [{:hackney, "~> 1.21", [hex: :hackney, repo: "hexpm", optional: false]}], "hexpm", "fa0f2e3646d3762fdc73edb532104c8619c7636a6997d20af4003da6cfc53e53"},
  "idna": {:hex, :idna, "6.1.1", "8a63070e9f7d0c62eb9d9fcb360a7de382448200fbbd1b106cc96d3d8099df8d", [:rebar3], [{:unicode_util_compat, "~> 0.7.0", [hex: :unicode_util_compat, repo: "hexpm", optional: false]}], "hexpm", "92376eb7894412ed19ac475e4a86f7b413c1b9fbb5bd16dccd57934157944cea"},
  "jason": {:hex, :jason, "1.4.4", "b9226785a9aa77b6857ca22832cffa5d5011a667207eb2a0ad56adb5db443b8a", [:mix], [{:decimal, "~> 1.0 or ~> 2.0", [hex: :decimal, repo: "hexpm", optional: true]}], "hexpm", "c5eb0cab91f094599f94d55bc63409236a8ec69a21a67814529e8d5f6cc90b3b"},
  "jose": {:hex, :jose, "1.11.10", "a903f5227417bd2a08c8a00a0cbcc458118be84480955e8d251297a425723f83", [:mix, :rebar3], [], "hexpm", "0d6cd36ff8ba174db29148fc112b5842186b68a90ce9fc2b3ec3afe76593e614"},
  "lcov_ex": {:hex, :lcov_ex, "0.3.4", "f48aed787db0d1cff1409db391f442cdbc0af0f860dbc326430030027e6ded36", [:mix], [], "hexpm", "c3987b6aeadd78d4b7933fa9cc4de3bd69d34f0fae39bad908f79a7ceea957e5"},
  "logster": {:hex, :logster, "2.0.0-rc.5", "5ae9e58b15f03cbe1f71203808ed0db6b0a2b60c0dbd8f4ed76d1b769ec9d440", [:mix], [{:jason, "~> 1.1", [hex: :jason, repo: "hexpm", optional: true]}, {:plug, "~> 1.0", [hex: :plug, repo: "hexpm", optional: false]}], "hexpm", "dddafb22aabbbd7dbef83356d3de66b564a894e19615b049ca1b704a59a032ba"},
  "meck": {:hex, :meck, "0.9.2", "85ccbab053f1db86c7ca240e9fc718170ee5bda03810a6292b5306bf31bae5f5", [:rebar3], [], "hexpm", "81344f561357dc40a8344afa53767c32669153355b626ea9fcbc8da6b3045826"},
  "metrics": {:hex, :metrics, "1.0.1", "25f094dea2cda98213cecc3aeff09e940299d950904393b2a29d191c346a8486", [:rebar3], [], "hexpm", "69b09adddc4f74a40716ae54d140f93beb0fb8978d8636eaded0c31b6f099f16"},
  "mime": {:hex, :mime, "2.0.7", "b8d739037be7cd402aee1ba0306edfdef982687ee7e9859bee6198c1e7e2f128", [:mix], [], "hexpm", "6171188e399ee16023ffc5b76ce445eb6d9672e2e241d2df6050f3c771e80ccd"},
  "mimerl": {:hex, :mimerl, "1.4.0", "3882a5ca67fbbe7117ba8947f27643557adec38fa2307490c4c4207624cb213b", [:rebar3], [], "hexpm", "13af15f9f68c65884ecca3a3891d50a7b57d82152792f3e19d88650aa126b144"},
  "mint": {:hex, :mint, "1.7.1", "113fdb2b2f3b59e47c7955971854641c61f378549d73e829e1768de90fc1abf1", [:mix], [{:castore, "~> 0.1.0 or ~> 1.0", [hex: :castore, repo: "hexpm", optional: true]}, {:hpax, "~> 0.1.1 or ~> 0.2.0 or ~> 1.0", [hex: :hpax, repo: "hexpm", optional: false]}], "hexpm", "fceba0a4d0f24301ddee3024ae116df1c3f4bb7a563a731f45fdfeb9d39a231b"},
  "mock": {:hex, :mock, "0.3.9", "10e44ad1f5962480c5c9b9fa779c6c63de9bd31997c8e04a853ec990a9d841af", [:mix], [{:meck, "~> 0.9.2", [hex: :meck, repo: "hexpm", optional: false]}], "hexpm", "9e1b244c4ca2551bb17bb8415eed89e40ee1308e0fbaed0a4fdfe3ec8a4adbd3"},
  "nimble_options": {:hex, :nimble_options, "1.1.1", "e3a492d54d85fc3fd7c5baf411d9d2852922f66e69476317787a7b2bb000a61b", [:mix], [], "hexpm", "821b2470ca9442c4b6984882fe9bb0389371b8ddec4d45a9504f00a66f650b44"},
  "nimble_ownership": {:hex, :nimble_ownership, "1.0.1", "f69fae0cdd451b1614364013544e66e4f5d25f36a2056a9698b793305c5aa3a6", [:mix], [], "hexpm", "3825e461025464f519f3f3e4a1f9b68c47dc151369611629ad08b636b73bb22d"},
  "oban": {:hex, :oban, "2.19.4", "045adb10db1161dceb75c254782f97cdc6596e7044af456a59decb6d06da73c1", [:mix], [{:ecto_sql, "~> 3.10", [hex: :ecto_sql, repo: "hexpm", optional: false]}, {:ecto_sqlite3, "~> 0.9", [hex: :ecto_sqlite3, repo: "hexpm", optional: true]}, {:igniter, "~> 0.5", [hex: :igniter, repo: "hexpm", optional: true]}, {:jason, "~> 1.1", [hex: :jason, repo: "hexpm", optional: true]}, {:myxql, "~> 0.7", [hex: :myxql, repo: "hexpm", optional: true]}, {:postgrex, "~> 0.16", [hex: :postgrex, repo: "hexpm", optional: true]}, {:telemetry, "~> 0.4 or ~> 1.0", [hex: :telemetry, repo: "hexpm", optional: false]}], "hexpm", "5fcc6219e6464525b808d97add17896e724131f498444a292071bf8991c99f97"},
  "oidcc": {:hex, :oidcc, "3.2.6", "d6fb6391721e83c6e1866d537a386be680dd76d673d1058cc78ac7ebfc723da4", [:mix, :rebar3], [{:jose, "~> 1.11", [hex: :jose, repo: "hexpm", optional: false]}, {:telemetry, "~> 1.2", [hex: :telemetry, repo: "hexpm", optional: false]}, {:telemetry_registry, "~> 0.3.1", [hex: :telemetry_registry, repo: "hexpm", optional: false]}], "hexpm", "0530b902adce9117e797af41801b41e5e3d2a0288839bf69f2b54b19914fc522"},
  "parse_trans": {:hex, :parse_trans, "3.4.1", "6e6aa8167cb44cc8f39441d05193be6e6f4e7c2946cb2759f015f8c56b76e5ff", [:rebar3], [], "hexpm", "620a406ce75dada827b82e453c19cf06776be266f5a67cff34e1ef2cbb60e49a"},
  "phoenix": {:hex, :phoenix, "1.7.21", "14ca4f1071a5f65121217d6b57ac5712d1857e40a0833aff7a691b7870fc9a3b", [:mix], [{:castore, ">= 0.0.0", [hex: :castore, repo: "hexpm", optional: false]}, {:jason, "~> 1.0", [hex: :jason, repo: "hexpm", optional: true]}, {:phoenix_pubsub, "~> 2.1", [hex: :phoenix_pubsub, repo: "hexpm", optional: false]}, {:phoenix_template, "~> 1.0", [hex: :phoenix_template, repo: "hexpm", optional: false]}, {:phoenix_view, "~> 2.0", [hex: :phoenix_view, repo: "hexpm", optional: true]}, {:plug, "~> 1.14", [hex: :plug, repo: "hexpm", optional: false]}, {:plug_cowboy, "~> 2.7", [hex: :plug_cowboy, repo: "hexpm", optional: true]}, {:plug_crypto, "~> 1.2 or ~> 2.0", [hex: :plug_crypto, repo: "hexpm", optional: false]}, {:telemetry, "~> 0.4 or ~> 1.0", [hex: :telemetry, repo: "hexpm", optional: false]}, {:websock_adapter, "~> 0.5.3", [hex: :websock_adapter, repo: "hexpm", optional: false]}], "hexpm", "336dce4f86cba56fed312a7d280bf2282c720abb6074bdb1b61ec8095bdd0bc9"},
  "phoenix_ecto": {:hex, :phoenix_ecto, "4.6.3", "f686701b0499a07f2e3b122d84d52ff8a31f5def386e03706c916f6feddf69ef", [:mix], [{:ecto, "~> 3.5", [hex: :ecto, repo: "hexpm", optional: false]}, {:phoenix_html, "~> 2.14.2 or ~> 3.0 or ~> 4.1", [hex: :phoenix_html, repo: "hexpm", optional: true]}, {:plug, "~> 1.9", [hex: :plug, repo: "hexpm", optional: false]}, {:postgrex, "~> 0.16 or ~> 1.0", [hex: :postgrex, repo: "hexpm", optional: true]}], "hexpm", "909502956916a657a197f94cc1206d9a65247538de8a5e186f7537c895d95764"},
  "phoenix_html": {:hex, :phoenix_html, "4.2.1", "35279e2a39140068fc03f8874408d58eef734e488fc142153f055c5454fd1c08", [:mix], [], "hexpm", "cff108100ae2715dd959ae8f2a8cef8e20b593f8dfd031c9cba92702cf23e053"},
  "phoenix_live_dashboard": {:hex, :phoenix_live_dashboard, "0.8.7", "405880012cb4b706f26dd1c6349125bfc903fb9e44d1ea668adaf4e04d4884b7", [:mix], [{:ecto, "~> 3.6.2 or ~> 3.7", [hex: :ecto, repo: "hexpm", optional: true]}, {:ecto_mysql_extras, "~> 0.5", [hex: :ecto_mysql_extras, repo: "hexpm", optional: true]}, {:ecto_psql_extras, "~> 0.7", [hex: :ecto_psql_extras, repo: "hexpm", optional: true]}, {:ecto_sqlite3_extras, "~> 1.1.7 or ~> 1.2.0", [hex: :ecto_sqlite3_extras, repo: "hexpm", optional: true]}, {:mime, "~> 1.6 or ~> 2.0", [hex: :mime, repo: "hexpm", optional: false]}, {:phoenix_live_view, "~> 0.19 or ~> 1.0", [hex: :phoenix_live_view, repo: "hexpm", optional: false]}, {:telemetry_metrics, "~> 0.6 or ~> 1.0", [hex: :telemetry_metrics, repo: "hexpm", optional: false]}], "hexpm", "3a8625cab39ec261d48a13b7468dc619c0ede099601b084e343968309bd4d7d7"},
  "phoenix_live_reload": {:hex, :phoenix_live_reload, "1.6.0", "2791fac0e2776b640192308cc90c0dbcf67843ad51387ed4ecae2038263d708d", [:mix], [{:file_system, "~> 0.2.10 or ~> 1.0", [hex: :file_system, repo: "hexpm", optional: false]}, {:phoenix, "~> 1.4", [hex: :phoenix, repo: "hexpm", optional: false]}], "hexpm", "b3a1fa036d7eb2f956774eda7a7638cf5123f8f2175aca6d6420a7f95e598e1c"},
  "phoenix_live_view": {:hex, :phoenix_live_view, "1.0.10", "d3d54f751ca538b17313541cabb1ab090a0d26e08ba914b49b6648022fa476f4", [:mix], [{:floki, "~> 0.36", [hex: :floki, repo: "hexpm", optional: true]}, {:jason, "~> 1.0", [hex: :jason, repo: "hexpm", optional: true]}, {:phoenix, "~> 1.6.15 or ~> 1.7.0", [hex: :phoenix, repo: "hexpm", optional: false]}, {:phoenix_html, "~> 3.3 or ~> 4.0", [hex: :phoenix_html, repo: "hexpm", optional: false]}, {:phoenix_template, "~> 1.0", [hex: :phoenix_template, repo: "hexpm", optional: false]}, {:phoenix_view, "~> 2.0", [hex: :phoenix_view, repo: "hexpm", optional: true]}, {:plug, "~> 1.15", [hex: :plug, repo: "hexpm", optional: false]}, {:telemetry, "~> 0.4.2 or ~> 1.0", [hex: :telemetry, repo: "hexpm", optional: false]}], "hexpm", "13f833a39b1368117e0529c0fe5029930a9bf11e2fb805c2263fcc32950f07a2"},
  "phoenix_pubsub": {:hex, :phoenix_pubsub, "2.1.3", "3168d78ba41835aecad272d5e8cd51aa87a7ac9eb836eabc42f6e57538e3731d", [:mix], [], "hexpm", "bba06bc1dcfd8cb086759f0edc94a8ba2bc8896d5331a1e2c2902bf8e36ee502"},
  "phoenix_template": {:hex, :phoenix_template, "1.0.4", "e2092c132f3b5e5b2d49c96695342eb36d0ed514c5b252a77048d5969330d639", [:mix], [{:phoenix_html, "~> 2.14.2 or ~> 3.0 or ~> 4.0", [hex: :phoenix_html, repo: "hexpm", optional: true]}], "hexpm", "2c0c81f0e5c6753faf5cca2f229c9709919aba34fab866d3bc05060c9c444206"},
  "plug": {:hex, :plug, "1.18.0", "d78df36c41f7e798f2edf1f33e1727eae438e9dd5d809a9997c463a108244042", [:mix], [{:mime, "~> 1.0 or ~> 2.0", [hex: :mime, repo: "hexpm", optional: false]}, {:plug_crypto, "~> 1.1.1 or ~> 1.2 or ~> 2.0", [hex: :plug_crypto, repo: "hexpm", optional: false]}, {:telemetry, "~> 0.4.3 or ~> 1.0", [hex: :telemetry, repo: "hexpm", optional: false]}], "hexpm", "819f9e176d51e44dc38132e132fe0accaf6767eab7f0303431e404da8476cfa2"},
  "plug_crypto": {:hex, :plug_crypto, "2.1.1", "19bda8184399cb24afa10be734f84a16ea0a2bc65054e23a62bb10f06bc89491", [:mix], [], "hexpm", "6470bce6ffe41c8bd497612ffde1a7e4af67f36a15eea5f921af71cf3e11247c"},
  "postgrex": {:hex, :postgrex, "0.20.0", "363ed03ab4757f6bc47942eff7720640795eb557e1935951c1626f0d303a3aed", [:mix], [{:db_connection, "~> 2.1", [hex: :db_connection, repo: "hexpm", optional: false]}, {:decimal, "~> 1.5 or ~> 2.0", [hex: :decimal, repo: "hexpm", optional: false]}, {:jason, "~> 1.0", [hex: :jason, repo: "hexpm", optional: true]}, {:table, "~> 0.1.0", [hex: :table, repo: "hexpm", optional: true]}], "hexpm", "d36ef8b36f323d29505314f704e21a1a038e2dc387c6409ee0cd24144e187c0f"},
  "sentry": {:hex, :sentry, "10.10.0", "d058b635f3796947545c8057a42996f6dbefd12152da947209b56d16af41b161", [:mix], [{:hackney, "~> 1.8", [hex: :hackney, repo: "hexpm", optional: true]}, {:jason, "~> 1.1", [hex: :jason, repo: "hexpm", optional: true]}, {:nimble_options, "~> 1.0", [hex: :nimble_options, repo: "hexpm", optional: false]}, {:nimble_ownership, "~> 0.3.0 or ~> 1.0", [hex: :nimble_ownership, repo: "hexpm", optional: false]}, {:phoenix, "~> 1.6", [hex: :phoenix, repo: "hexpm", optional: true]}, {:phoenix_live_view, "~> 0.20 or ~> 1.0", [hex: :phoenix_live_view, repo: "hexpm", optional: true]}, {:plug, "~> 1.6", [hex: :plug, repo: "hexpm", optional: true]}, {:telemetry, "~> 0.4 or ~> 1.0", [hex: :telemetry, repo: "hexpm", optional: true]}], "hexpm", "7c7ddd3cfdd63fcee53b1e28f9a653037e6927b2b1dbd300b7aeee9687c7a8f6"},
  "sobelow": {:hex, :sobelow, "0.14.0", "dd82aae8f72503f924fe9dd97ffe4ca694d2f17ec463dcfd365987c9752af6ee", [:mix], [{:jason, "~> 1.0", [hex: :jason, repo: "hexpm", optional: false]}], "hexpm", "7ecf91e298acfd9b24f5d761f19e8f6e6ac585b9387fb6301023f1f2cd5eed5f"},
  "ssl_verify_fun": {:hex, :ssl_verify_fun, "1.1.7", "354c321cf377240c7b8716899e182ce4890c5938111a1296add3ec74cf1715df", [:make, :mix, :rebar3], [], "hexpm", "fe4c190e8f37401d30167c8c405eda19469f34577987c76dde613e838bbc67f8"},
  "sweet_xml": {:hex, :sweet_xml, "0.7.5", "803a563113981aaac202a1dbd39771562d0ad31004ddbfc9b5090bdcd5605277", [:mix], [], "hexpm", "193b28a9b12891cae351d81a0cead165ffe67df1b73fe5866d10629f4faefb12"},
  "telemetry": {:hex, :telemetry, "1.3.0", "fedebbae410d715cf8e7062c96a1ef32ec22e764197f70cda73d82778d61e7a2", [:rebar3], [], "hexpm", "7015fc8919dbe63764f4b4b87a95b7c0996bd539e0d499be6ec9d7f3875b79e6"},
  "telemetry_metrics": {:hex, :telemetry_metrics, "1.1.0", "5bd5f3b5637e0abea0426b947e3ce5dd304f8b3bc6617039e2b5a008adc02f8f", [:mix], [{:telemetry, "~> 0.4 or ~> 1.0", [hex: :telemetry, repo: "hexpm", optional: false]}], "hexpm", "e7b79e8ddfde70adb6db8a6623d1778ec66401f366e9a8f5dd0955c56bc8ce67"},
  "telemetry_poller": {:hex, :telemetry_poller, "1.2.0", "ba82e333215aed9dd2096f93bd1d13ae89d249f82760fcada0850ba33bac154b", [:rebar3], [{:telemetry, "~> 1.0", [hex: :telemetry, repo: "hexpm", optional: false]}], "hexpm", "7216e21a6c326eb9aa44328028c34e9fd348fb53667ca837be59d0aa2a0156e8"},
  "telemetry_registry": {:hex, :telemetry_registry, "0.3.2", "701576890320be6428189bff963e865e8f23e0ff3615eade8f78662be0fc003c", [:mix, :rebar3], [{:telemetry, "~> 1.0", [hex: :telemetry, repo: "hexpm", optional: false]}], "hexpm", "e7ed191eb1d115a3034af8e1e35e4e63d5348851d556646d46ca3d1b4e16bab9"},
  "thousand_island": {:hex, :thousand_island, "1.3.14", "ad45ebed2577b5437582bcc79c5eccd1e2a8c326abf6a3464ab6c06e2055a34a", [:mix], [{:telemetry, "~> 0.4 or ~> 1.0", [hex: :telemetry, repo: "hexpm", optional: false]}], "hexpm", "d0d24a929d31cdd1d7903a4fe7f2409afeedff092d277be604966cd6aa4307ef"},
  "timex": {:hex, :timex, "3.7.11", "bb95cb4eb1d06e27346325de506bcc6c30f9c6dea40d1ebe390b262fad1862d1", [:mix], [{:combine, "~> 0.10", [hex: :combine, repo: "hexpm", optional: false]}, {:gettext, "~> 0.20", [hex: :gettext, repo: "hexpm", optional: false]}, {:tzdata, "~> 1.1", [hex: :tzdata, repo: "hexpm", optional: false]}], "hexpm", "8b9024f7efbabaf9bd7aa04f65cf8dcd7c9818ca5737677c7b76acbc6a94d1aa"},
  "tz": {:hex, :tz, "0.28.1", "717f5ffddfd1e475e2a233e221dc0b4b76c35c4b3650b060c8e3ba29dd6632e9", [:mix], [{:castore, "~> 0.1 or ~> 1.0", [hex: :castore, repo: "hexpm", optional: true]}, {:mint, "~> 1.6", [hex: :mint, repo: "hexpm", optional: true]}], "hexpm", "bfdca1aa1902643c6c43b77c1fb0cb3d744fd2f09a8a98405468afdee0848c8a"},
  "tzdata": {:hex, :tzdata, "1.1.3", "b1cef7bb6de1de90d4ddc25d33892b32830f907e7fc2fccd1e7e22778ab7dfbc", [:mix], [{:hackney, "~> 1.17", [hex: :hackney, repo: "hexpm", optional: false]}], "hexpm", "d4ca85575a064d29d4e94253ee95912edfb165938743dbf002acdf0dcecb0c28"},
  "ueberauth": {:hex, :ueberauth, "0.10.8", "ba78fbcbb27d811a6cd06ad851793aaf7d27c3b30c9e95349c2c362b344cd8f0", [:mix], [{:plug, "~> 1.5", [hex: :plug, repo: "hexpm", optional: false]}], "hexpm", "f2d3172e52821375bccb8460e5fa5cb91cfd60b19b636b6e57e9759b6f8c10c1"},
  "ueberauth_oidcc": {:hex, :ueberauth_oidcc, "0.4.1", "172f202c8e6731d30c2221f5ea67a2217c30f60436b6a236e745e978497e57d9", [:mix], [{:oidcc, "~> 3.2.0", [hex: :oidcc, repo: "hexpm", optional: false]}, {:plug, "~> 1.11", [hex: :plug, repo: "hexpm", optional: false]}, {:ueberauth, "~> 0.10", [hex: :ueberauth, repo: "hexpm", optional: false]}], "hexpm", "ba4447d428df74d5cff8b6717e1249163649d946d4aefd22f7445a9979adab54"},
  "unicode_util_compat": {:hex, :unicode_util_compat, "0.7.1", "a48703a25c170eedadca83b11e88985af08d35f37c6f664d6dcfb106a97782fc", [], [], "hexpm", "b3a917854ce3ae233619744ad1e0102e05673136776fb2fa76234f3e03b23642"},
  "websock": {:hex, :websock, "0.5.3", "2f69a6ebe810328555b6fe5c831a851f485e303a7c8ce6c5f675abeb20ebdadc", [:mix], [], "hexpm", "6105453d7fac22c712ad66fab1d45abdf049868f253cf719b625151460b8b453"},
  "websock_adapter": {:hex, :websock_adapter, "0.5.8", "3b97dc94e407e2d1fc666b2fb9acf6be81a1798a2602294aac000260a7c4a47d", [], [{:bandit, ">= 0.6.0", [hex: :bandit, repo: "hexpm", optional: true]}, {:plug, "~> 1.14", [hex: :plug, repo: "hexpm", optional: false]}, {:plug_cowboy, "~> 2.6", [hex: :plug_cowboy, repo: "hexpm", optional: true]}, {:websock, "~> 0.5", [hex: :websock, repo: "hexpm", optional: false]}], "hexpm", "315b9a1865552212b5f35140ad194e67ce31af45bcee443d4ecb96b5fd3f3782"},
}
